<?xml version="1.0" encoding="utf-8"?>
<Project ToolsVersion="4.0" xmlns="http://schemas.microsoft.com/developer/msbuild/2003">
  <ItemGroup>
    <Filter Include="Source Files">
      <UniqueIdentifier>{4FC737F1-C7A5-4376-A066-2A32D752A2FF}</UniqueIdentifier>
      <Extensions>cpp;c;cc;cxx;def;odl;idl;hpj;bat;asm;asmx</Extensions>
    </Filter>
    <Filter Include="Header Files">
      <UniqueIdentifier>{93995380-89BD-4b04-88EB-625FBE52EBFB}</UniqueIdentifier>
      <Extensions>h;hh;hpp;hxx;hm;inl;inc;ipp;xsd</Extensions>
    </Filter>
    <Filter Include="Resource Files">
      <UniqueIdentifier>{67DA6AB6-F800-4c08-8B7A-83BB121AAD01}</UniqueIdentifier>
      <Extensions>rc;ico;cur;bmp;dlg;rc2;rct;bin;rgs;gif;jpg;jpeg;jpe;resx;tiff;tif;png;wav;mfcribbon-ms</Extensions>
    </Filter>
  </ItemGroup>
  <ItemGroup>
    <ClCompile Include="Engine\AudioEngine\AE_AudioMath.cpp">
      <Filter>Source Files</Filter>
    </ClCompile>
    <ClCompile Include="Engine\AudioEngine\AudioStorage.cpp">
      <Filter>Source Files</Filter>
    </ClCompile>
    <ClCompile Include="Engine\AudioEngine\AE_RingBuffer.cpp">
      <Filter>Source Files</Filter>
    </ClCompile>
    <ClCompile Include="Engine\AudioEngine\AudioAssetManager.cpp">
      <Filter>Source Files</Filter>
    </ClCompile>
    <ClCompile Include="Engine\AudioEngine\AudioEngine.cpp">
      <Filter>Source Files</Filter>
    </ClCompile>
    <ClCompile Include="Engine\AudioEngine\AudioEngineCallbacks.cpp">
      <Filter>Source Files</Filter>
    </ClCompile>
    <ClCompile Include="Engine\AudioEngine\Compressor.cpp">
      <Filter>Source Files</Filter>
    </ClCompile>
    <ClCompile Include="Engine\AudioEngine\DoubleBuffer.cpp">
      <Filter>Source Files</Filter>
    </ClCompile>
    <ClCompile Include="Engine\AudioEngine\DSPFactory.cpp">
      <Filter>Source Files</Filter>
    </ClCompile>
    <ClCompile Include="Engine\AudioEngine\Envelopes.cpp">
      <Filter>Source Files</Filter>
    </ClCompile>
    <ClCompile Include="Engine\AudioEngine\EventHandler.cpp">
      <Filter>Source Files</Filter>
    </ClCompile>
    <ClCompile Include="Engine\AudioEngine\Filter.cpp">
      <Filter>Source Files</Filter>
    </ClCompile>
    <ClCompile Include="Engine\AudioEngine\FilterFactory.cpp">
      <Filter>Source Files</Filter>
    </ClCompile>
    <ClCompile Include="Engine\AudioEngine\IOTarget.cpp">
      <Filter>Source Files</Filter>
    </ClCompile>
    <ClCompile Include="Engine\AudioEngine\Parameters.cpp">
      <Filter>Source Files</Filter>
    </ClCompile>
    <ClCompile Include="Engine\AudioEngine\ProcessingSettings.cpp">
      <Filter>Source Files</Filter>
    </ClCompile>
    <ClCompile Include="Engine\AudioEngine\Serializer.cpp">
      <Filter>Source Files</Filter>
    </ClCompile>
    <ClCompile Include="Engine\AudioEngine\Voice.cpp">
      <Filter>Source Files</Filter>
    </ClCompile>
  </ItemGroup>
  <ItemGroup>
    <ClInclude Include="Engine\AudioEngine\Headers\AE_AudioMath.hpp">
      <Filter>Header Files</Filter>
    </ClInclude>
    <ClInclude Include="Engine\AudioEngine\Headers\AE_RingBuffer.hpp">
      <Filter>Header Files</Filter>
    </ClInclude>
    <ClInclude Include="Engine\AudioEngine\Headers\AE_Events.hpp">
      <Filter>Header Files</Filter>
    </ClInclude>
    <ClInclude Include="Engine\AudioEngine\Headers\AudioStorage.hpp">
      <Filter>Header Files</Filter>
    </ClInclude>
    <ClInclude Include="Engine\AudioEngine\Headers\AudioAssetManager.h">
      <Filter>Header Files</Filter>
    </ClInclude>
    <ClInclude Include="Engine\AudioEngine\Headers\AudioEngine.hpp">
      <Filter>Header Files</Filter>
    </ClInclude>
    <ClInclude Include="Engine\AudioEngine\Headers\BusInterface.h">
      <Filter>Header Files</Filter>
    </ClInclude>
    <ClInclude Include="Engine\AudioEngine\Headers\Compressor.h">
      <Filter>Header Files</Filter>
    </ClInclude>
    <ClInclude Include="Engine\AudioEngine\Headers\DisplayPrimer.h">
      <Filter>Header Files</Filter>
    </ClInclude>
    <ClInclude Include="Engine\AudioEngine\Headers\DoubleBuffer.h">
      <Filter>Header Files</Filter>
    </ClInclude>
    <ClInclude Include="Engine\AudioEngine\Headers\DSPBase.h">
      <Filter>Header Files</Filter>
    </ClInclude>
    <ClInclude Include="Engine\AudioEngine\Headers\DSPFactory.h">
      <Filter>Header Files</Filter>
    </ClInclude>
    <ClInclude Include="Engine\AudioEngine\Headers\Envelopes.h">
      <Filter>Header Files</Filter>
    </ClInclude>
    <ClInclude Include="Engine\AudioEngine\Headers\EventHandler.hpp">
      <Filter>Header Files</Filter>
    </ClInclude>
    <ClInclude Include="Engine\AudioEngine\Headers\FileDefinitions.h">
      <Filter>Header Files</Filter>
    </ClInclude>
    <ClInclude Include="Engine\AudioEngine\Headers\Filter.h">
      <Filter>Header Files</Filter>
    </ClInclude>
    <ClInclude Include="Engine\AudioEngine\Headers\FilterFactory.h">
      <Filter>Header Files</Filter>
    </ClInclude>
    <ClInclude Include="Engine\AudioEngine\Headers\IOTarget.h">
      <Filter>Header Files</Filter>
    </ClInclude>
    <ClInclude Include="Engine\AudioEngine\Headers\MixerObjects.h">
      <Filter>Header Files</Filter>
    </ClInclude>
    <ClInclude Include="Engine\AudioEngine\Headers\Parameters.h">
      <Filter>Header Files</Filter>
    </ClInclude>
    <ClInclude Include="Engine\AudioEngine\Headers\ProcessingSettings.h">
      <Filter>Header Files</Filter>
    </ClInclude>
    <ClInclude Include="Engine\AudioEngine\Headers\Serializer.h">
      <Filter>Header Files</Filter>
    </ClInclude>
    <ClInclude Include="Engine\AudioEngine\Headers\Voice.h">
      <Filter>Header Files</Filter>
    </ClInclude>
  </ItemGroup>
</Project>